{
  "nodes": {
    "nixpkgs": {
      "locked": {
        "lastModified": 1757528185,
        "narHash": "sha256-AG8sZbtW2JLN6qY+cjVigyuraW3HSP19pSy/Ay4A358=",
        "owner": "NixOS",
        "repo": "nixpkgs",
        "rev": "f83f17d7616beee78704e86d495e10b01709b031",
        "type": "github"
      },
      "original": {
        "owner": "NixOS",
        "repo": "nixpkgs",
        "type": "github"
      }
    },
    "root": {
      "inputs": {
        "nixpkgs": "nixpkgs"
      }
    }
  },
  "root": "root",
  "version": 7
}
